
Microsoft Visual Studio Solution File, Format Version 12.00
# Visual Studio Version 17
VisualStudioVersion = 17.14.36429.23
MinimumVisualStudioVersion = 10.0.40219.1
Project("{FAE04EC0-301F-11D3-BF4B-00C04F79EFBC}") = "LifestyleSurvey", "LifestyleSurvey.csproj", "{77F1FF73-6C6F-5680-4F81-BB194787EF3E}"
EndProject
Global
	GlobalSection(SolutionConfigurationPlatforms) = preSolution
		Debug|Any CPU = Debug|Any CPU
		Release|Any CPU = Release|Any CPU
	EndGlobalSection
	GlobalSection(ProjectConfigurationPlatforms) = postSolution
		{77F1FF73-6C6F-5680-4F81-BB194787EF3E}.Debug|Any CPU.ActiveCfg = Debug|Any CPU
		{77F1FF73-6C6F-5680-4F81-BB194787EF3E}.Debug|Any CPU.Build.0 = Debug|Any CPU
		{77F1FF73-6C6F-5680-4F81-BB194787EF3E}.Release|Any CPU.ActiveCfg = Release|Any CPU
		{77F1FF73-6C6F-5680-4F81-BB194787EF3E}.Release|Any CPU.Build.0 = Release|Any CPU
	EndGlobalSection
	GlobalSection(SolutionProperties) = preSolution
		HideSolutionNode = FALSE
	EndGlobalSection
	GlobalSection(ExtensibilityGlobals) = postSolution
		SolutionGuid = {51F6CA54-2E35-4B30-95DA-F0320420A82A}
	EndGlobalSection
EndGlobal
